// !$*UTF8*$!
{
	archiveVersion = 1;
	classes = {
	};
	objectVersion = 51;
	objects = {

/* Begin PBXBuildFile section */
		40EE129426EB969C0021930C /* AppDelegate.swift in Sources */ = {isa = PBXBuildFile; fileRef = 40EE129326EB969C0021930C /* AppDelegate.swift */; };
		40EE129626EB969D0021930C /* SceneDelegate.swift in Sources */ = {isa = PBXBuildFile; fileRef = 40EE129526EB969D0021930C /* SceneDelegate.swift */; };
		40EE129826EB969D0021930C /* ContentView.swift in Sources */ = {isa = PBXBuildFile; fileRef = 40EE129726EB969D0021930C /* ContentView.swift */; };
		40EE129A26EB96A30021930C /* Assets.xcassets in Resources */ = {isa = PBXBuildFile; fileRef = 40EE129926EB96A30021930C /* Assets.xcassets */; };
		40EE129D26EB96A30021930C /* Preview Assets.xcassets in Resources */ = {isa = PBXBuildFile; fileRef = 40EE129C26EB96A30021930C /* Preview Assets.xcassets */; };
		40EE12A026EB96A30021930C /* LaunchScreen.storyboard in Resources */ = {isa = PBXBuildFile; fileRef = 40EE129E26EB96A30021930C /* LaunchScreen.storyboard */; };
		40EE12AD26EB97010021930C /* NewsResponse.swift in Sources */ = {isa = PBXBuildFile; fileRef = 40EE12AC26EB97010021930C /* NewsResponse.swift */; };
		40EE12B026EB97570021930C /* APIService.swift in Sources */ = {isa = PBXBuildFile; fileRef = 40EE12AF26EB97570021930C /* APIService.swift */; };
		40EE12B226EBA1780021930C /* NewsCardView.swift in Sources */ = {isa = PBXBuildFile; fileRef = 40EE12B126EBA1780021930C /* NewsCardView.swift */; };
		40EE12B626EBAD150021930C /* WebView.swift in Sources */ = {isa = PBXBuildFile; fileRef = 40EE12B526EBAD150021930C /* WebView.swift */; };
		40EE12B826EBADFA0021930C /* NewsDetailView.swift in Sources */ = {isa = PBXBuildFile; fileRef = 40EE12B726EBADFA0021930C /* NewsDetailView.swift */; };
		972716C4248655F61338794F /* Pods_BG_News.framework in Frameworks */ = {isa = PBXBuildFile; fileRef = 56EED76FCD3D675F05D8B049 /* Pods_BG_News.framework */; };
/* End PBXBuildFile section */

/* Begin PBXFileReference section */
		086A688564A025439C561022 /* Pods-BG_News.release.xcconfig */ = {isa = PBXFileReference; includeInIndex = 1; lastKnownFileType = text.xcconfig; name = "Pods-BG_News.release.xcconfig"; path = "Target Support Files/Pods-BG_News/Pods-BG_News.release.xcconfig"; sourceTree = "<group>"; };
		40EE129026EB969C0021930C /* BG_News.app */ = {isa = PBXFileReference; explicitFileType = wrapper.application; includeInIndex = 0; path = BG_News.app; sourceTree = BUILT_PRODUCTS_DIR; };
		40EE129326EB969C0021930C /* AppDelegate.swift */ = {isa = PBXFileReference; lastKnownFileType = sourcecode.swift; path = AppDelegate.swift; sourceTree = "<group>"; };
		40EE129526EB969D0021930C /* SceneDelegate.swift */ = {isa = PBXFileReference; lastKnownFileType = sourcecode.swift; path = SceneDelegate.swift; sourceTree = "<group>"; };
		40EE129726EB969D0021930C /* ContentView.swift */ = {isa = PBXFileReference; lastKnownFileType = sourcecode.swift; path = ContentView.swift; sourceTree = "<group>"; };
		40EE129926EB96A30021930C /* Assets.xcassets */ = {isa = PBXFileReference; lastKnownFileType = folder.assetcatalog; path = Assets.xcassets; sourceTree = "<group>"; };
		40EE129C26EB96A30021930C /* Preview Assets.xcassets */ = {isa = PBXFileReference; lastKnownFileType = folder.assetcatalog; path = "Preview Assets.xcassets"; sourceTree = "<group>"; };
		40EE129F26EB96A30021930C /* Base */ = {isa = PBXFileReference; lastKnownFileType = file.storyboard; name = Base; path = Base.lproj/LaunchScreen.storyboard; sourceTree = "<group>"; };
		40EE12A126EB96A30021930C /* Info.plist */ = {isa = PBXFileReference; lastKnownFileType = text.plist.xml; path = Info.plist; sourceTree = "<group>"; };
		40EE12AC26EB97010021930C /* NewsResponse.swift */ = {isa = PBXFileReference; lastKnownFileType = sourcecode.swift; path = NewsResponse.swift; sourceTree = "<group>"; };
		40EE12AF26EB97570021930C /* APIService.swift */ = {isa = PBXFileReference; lastKnownFileType = sourcecode.swift; path = APIService.swift; sourceTree = "<group>"; };
		40EE12B126EBA1780021930C /* NewsCardView.swift */ = {isa = PBXFileReference; lastKnownFileType = sourcecode.swift; path = NewsCardView.swift; sourceTree = "<group>"; };
		40EE12B526EBAD150021930C /* WebView.swift */ = {isa = PBXFileReference; lastKnownFileType = sourcecode.swift; path = WebView.swift; sourceTree = "<group>"; };
		40EE12B726EBADFA0021930C /* NewsDetailView.swift */ = {isa = PBXFileReference; lastKnownFileType = sourcecode.swift; path = NewsDetailView.swift; sourceTree = "<group>"; };
		56EED76FCD3D675F05D8B049 /* Pods_BG_News.framework */ = {isa = PBXFileReference; explicitFileType = wrapper.framework; includeInIndex = 0; path = Pods_BG_News.framework; sourceTree = BUILT_PRODUCTS_DIR; };
		C2CA78FB7E0B952DACB5D971 /* Pods-BG_News.debug.xcconfig */ = {isa = PBXFileReference; includeInIndex = 1; lastKnownFileType = text.xcconfig; name = "Pods-BG_News.debug.xcconfig"; path = "Target Support Files/Pods-BG_News/Pods-BG_News.debug.xcconfig"; sourceTree = "<group>"; };
/* End PBXFileReference section */

/* Begin PBXFrameworksBuildPhase section */
		40EE128D26EB969C0021930C /* Frameworks */ = {
			isa = PBXFrameworksBuildPhase;
			buildActionMask = 2147483647;
			files = (
				972716C4248655F61338794F /* Pods_BG_News.framework in Frameworks */,
			);
			runOnlyForDeploymentPostprocessing = 0;
		};
/* End PBXFrameworksBuildPhase section */

/* Begin PBXGroup section */
		3DBF160B2A9BC5B6C081E3F8 /* Frameworks */ = {
			isa = PBXGroup;
			children = (
				56EED76FCD3D675F05D8B049 /* Pods_BG_News.framework */,
			);
			name = Frameworks;
			sourceTree = "<group>";
		};
		40EE128726EB969C0021930C = {
			isa = PBXGroup;
			children = (
				40EE129226EB969C0021930C /* BG_News */,
				40EE129126EB969C0021930C /* Products */,
				8FC9A9AB8D90FEF945CF7AFD /* Pods */,
				3DBF160B2A9BC5B6C081E3F8 /* Frameworks */,
			);
			sourceTree = "<group>";
		};
		40EE129126EB969C0021930C /* Products */ = {
			isa = PBXGroup;
			children = (
				40EE129026EB969C0021930C /* BG_News.app */,
			);
			name = Products;
			sourceTree = "<group>";
		};
		40EE129226EB969C0021930C /* BG_News */ = {
			isa = PBXGroup;
			children = (
				40EE12AE26EB97490021930C /* APIService */,
				40EE12AB26EB96ED0021930C /* Models */,
				40EE12AA26EB96E80021930C /* Views */,
				40EE12A926EB96DC0021930C /* Storyboards */,
				40EE12A826EB96D30021930C /* Resources */,
				40EE12A726EB96C80021930C /* AppDelegate */,
				40EE12A126EB96A30021930C /* Info.plist */,
				40EE129B26EB96A30021930C /* Preview Content */,
			);
			path = BG_News;
			sourceTree = "<group>";
		};
		40EE129B26EB96A30021930C /* Preview Content */ = {
			isa = PBXGroup;
			children = (
				40EE129C26EB96A30021930C /* Preview Assets.xcassets */,
			);
			path = "Preview Content";
			sourceTree = "<group>";
		};
		40EE12A726EB96C80021930C /* AppDelegate */ = {
			isa = PBXGroup;
			children = (
				40EE129526EB969D0021930C /* SceneDelegate.swift */,
				40EE129326EB969C0021930C /* AppDelegate.swift */,
			);
			path = AppDelegate;
			sourceTree = "<group>";
		};
		40EE12A826EB96D30021930C /* Resources */ = {
			isa = PBXGroup;
			children = (
				40EE129926EB96A30021930C /* Assets.xcassets */,
			);
			path = Resources;
			sourceTree = "<group>";
		};
		40EE12A926EB96DC0021930C /* Storyboards */ = {
			isa = PBXGroup;
			children = (
				40EE129E26EB96A30021930C /* LaunchScreen.storyboard */,
			);
			path = Storyboards;
			sourceTree = "<group>";
		};
		40EE12AA26EB96E80021930C /* Views */ = {
			isa = PBXGroup;
			children = (
				40EE129726EB969D0021930C /* ContentView.swift */,
				40EE12B126EBA1780021930C /* NewsCardView.swift */,
				40EE12B526EBAD150021930C /* WebView.swift */,
				40EE12B726EBADFA0021930C /* NewsDetailView.swift */,
			);
			path = Views;
			sourceTree = "<group>";
		};
		40EE12AB26EB96ED0021930C /* Models */ = {
			isa = PBXGroup;
			children = (
				40EE12AC26EB97010021930C /* NewsResponse.swift */,
			);
			path = Models;
			sourceTree = "<group>";
		};
		40EE12AE26EB97490021930C /* APIService */ = {
			isa = PBXGroup;
			children = (
				40EE12AF26EB97570021930C /* APIService.swift */,
			);
			path = APIService;
			sourceTree = "<group>";
		};
		8FC9A9AB8D90FEF945CF7AFD /* Pods */ = {
			isa = PBXGroup;
			children = (
				C2CA78FB7E0B952DACB5D971 /* Pods-BG_News.debug.xcconfig */,
				086A688564A025439C561022 /* Pods-BG_News.release.xcconfig */,
			);
			path = Pods;
			sourceTree = "<group>";
		};
/* End PBXGroup section */

/* Begin PBXNativeTarget section */
		40EE128F26EB969C0021930C /* BG_News */ = {
			isa = PBXNativeTarget;
			buildConfigurationList = 40EE12A426EB96A30021930C /* Build configuration list for PBXNativeTarget "BG_News" */;
			buildPhases = (
				EA7159D8489725456EF4F3B5 /* [CP] Check Pods Manifest.lock */,
				40EE128C26EB969C0021930C /* Sources */,
				40EE128D26EB969C0021930C /* Frameworks */,
				40EE128E26EB969C0021930C /* Resources */,
				24B903B5D1D999ABAC444C6C /* [CP] Embed Pods Frameworks */,
			);
			buildRules = (
			);
			dependencies = (
			);
			name = BG_News;
			productName = BG_News;
			productReference = 40EE129026EB969C0021930C /* BG_News.app */;
			productType = "com.apple.product-type.application";
		};
/* End PBXNativeTarget section */

/* Begin PBXProject section */
		40EE128826EB969C0021930C /* Project object */ = {
			isa = PBXProject;
			attributes = {
				LastSwiftUpdateCheck = 1170;
				LastUpgradeCheck = 1170;
				ORGANIZATIONNAME = Bhavesh;
				TargetAttributes = {
					40EE128F26EB969C0021930C = {
						CreatedOnToolsVersion = 11.7;
					};
				};
			};
			buildConfigurationList = 40EE128B26EB969C0021930C /* Build configuration list for PBXProject "BG_News" */;
			compatibilityVersion = "Xcode 9.3";
			developmentRegion = en;
			hasScannedForEncodings = 0;
			knownRegions = (
				en,
				Base,
			);
			mainGroup = 40EE128726EB969C0021930C;
			productRefGroup = 40EE129126EB969C0021930C /* Products */;
			projectDirPath = "";
			projectRoot = "";
			targets = (
				40EE128F26EB969C0021930C /* BG_News */,
			);
		};
/* End PBXProject section */

/* Begin PBXResourcesBuildPhase section */
		40EE128E26EB969C0021930C /* Resources */ = {
			isa = PBXResourcesBuildPhase;
			buildActionMask = 2147483647;
			files = (
				40EE12A026EB96A30021930C /* LaunchScreen.storyboard in Resources */,
				40EE129D26EB96A30021930C /* Preview Assets.xcassets in Resources */,
				40EE129A26EB96A30021930C /* Assets.xcassets in Resources */,
			);
			runOnlyForDeploymentPostprocessing = 0;
		};
/* End PBXResourcesBuildPhase section */

/* Begin PBXShellScriptBuildPhase section */
		24B903B5D1D999ABAC444C6C /* [CP] Embed Pods Frameworks */ = {
			isa = PBXShellScriptBuildPhase;
			buildActionMask = 2147483647;
			files = (
			);
			inputFileListPaths = (
				"${PODS_ROOT}/Target Support Files/Pods-BG_News/Pods-BG_News-frameworks-${CONFIGURATION}-input-files.xcfilelist",
			);
			name = "[CP] Embed Pods Frameworks";
			outputFileListPaths = (
				"${PODS_ROOT}/Target Support Files/Pods-BG_News/Pods-BG_News-frameworks-${CONFIGURATION}-output-files.xcfilelist",
			);
			runOnlyForDeploymentPostprocessing = 0;
			shellPath = /bin/sh;
			shellScript = "\"${PODS_ROOT}/Target Support Files/Pods-BG_News/Pods-BG_News-frameworks.sh\"\n";
			showEnvVarsInLog = 0;
		};
		EA7159D8489725456EF4F3B5 /* [CP] Check Pods Manifest.lock */ = {
			isa = PBXShellScriptBuildPhase;
			buildActionMask = 2147483647;
			files = (
			);
			inputFileListPaths = (
			);
			inputPaths = (
				"${PODS_PODFILE_DIR_PATH}/Podfile.lock",
				"${PODS_ROOT}/Manifest.lock",
			);
			name = "[CP] Check Pods Manifest.lock";
			outputFileListPaths = (
			);
			outputPaths = (
				"$(DERIVED_FILE_DIR)/Pods-BG_News-checkManifestLockResult.txt",
			);
			runOnlyForDeploymentPostprocessing = 0;
			shellPath = /bin/sh;
			shellScript = "diff \"${PODS_PODFILE_DIR_PATH}/Podfile.lock\" \"${PODS_ROOT}/Manifest.lock\" > /dev/null\nif [ $? != 0 ] ; then\n    # print error to STDERR\n    echo \"error: The sandbox is not in sync with the Podfile.lock. Run 'pod install' or update your CocoaPods installation.\" >&2\n    exit 1\nfi\n# This output is used by Xcode 'outputs' to avoid re-running this script phase.\necho \"SUCCESS\" > \"${SCRIPT_OUTPUT_FILE_0}\"\n";
			showEnvVarsInLog = 0;
		};
/* End PBXShellScriptBuildPhase section */

/* Begin PBXSourcesBuildPhase section */
		40EE128C26EB969C0021930C /* Sources */ = {
			isa = PBXSourcesBuildPhase;
			buildActionMask = 2147483647;
			files = (
				40EE129426EB969C0021930C /* AppDelegate.swift in Sources */,
				40EE12B026EB97570021930C /* APIService.swift in Sources */,
				40EE12B826EBADFA0021930C /* NewsDetailView.swift in Sources */,
				40EE129626EB969D0021930C /* SceneDelegate.swift in Sources */,
				40EE12B226EBA1780021930C /* NewsCardView.swift in Sources */,
				40EE12AD26EB97010021930C /* NewsResponse.swift in Sources */,
				40EE129826EB969D0021930C /* ContentView.swift in Sources */,
				40EE12B626EBAD150021930C /* WebView.swift in Sources */,
			);
			runOnlyForDeploymentPostprocessing = 0;
		};
/* End PBXSourcesBuildPhase section */

/* Begin PBXVariantGroup section */
		40EE129E26EB96A30021930C /* LaunchScreen.storyboard */ = {
			isa = PBXVariantGroup;
			children = (
				40EE129F26EB96A30021930C /* Base */,
			);
			name = LaunchScreen.storyboard;
			sourceTree = "<group>";
		};
/* End PBXVariantGroup section */

/* Begin XCBuildConfiguration section */
		40EE12A226EB96A30021930C /* Debug */ = {
			isa = XCBuildConfiguration;
			buildSettings = {
				ALWAYS_SEARCH_USER_PATHS = NO;
				CLANG_ANALYZER_NONNULL = YES;
				CLANG_ANALYZER_NUMBER_OBJECT_CONVERSION = YES_AGGRESSIVE;
				CLANG_CXX_LANGUAGE_STANDARD = "gnu++14";
				CLANG_CXX_LIBRARY = "libc++";
				CLANG_ENABLE_MODULES = YES;
				CLANG_ENABLE_OBJC_ARC = YES;
				CLANG_ENABLE_OBJC_WEAK = YES;
				CLANG_WARN_BLOCK_CAPTURE_AUTORELEASING = YES;
				CLANG_WARN_BOOL_CONVERSION = YES;
				CLANG_WARN_COMMA = YES;
				CLANG_WARN_CONSTANT_CONVERSION = YES;
				CLANG_WARN_DEPRECATED_OBJC_IMPLEMENTATIONS = YES;
				CLANG_WARN_DIRECT_OBJC_ISA_USAGE = YES_ERROR;
				CLANG_WARN_DOCUMENTATION_COMMENTS = YES;
				CLANG_WARN_EMPTY_BODY = YES;
				CLANG_WARN_ENUM_CONVERSION = YES;
				CLANG_WARN_INFINITE_RECURSION = YES;
				CLANG_WARN_INT_CONVERSION = YES;
				CLANG_WARN_NON_LITERAL_NULL_CONVERSION = YES;
				CLANG_WARN_OBJC_IMPLICIT_RETAIN_SELF = YES;
				CLANG_WARN_OBJC_LITERAL_CONVERSION = YES;
				CLANG_WARN_OBJC_ROOT_CLASS = YES_ERROR;
				CLANG_WARN_RANGE_LOOP_ANALYSIS = YES;
				CLANG_WARN_STRICT_PROTOTYPES = YES;
				CLANG_WARN_SUSPICIOUS_MOVE = YES;
				CLANG_WARN_UNGUARDED_AVAILABILITY = YES_AGGRESSIVE;
				CLANG_WARN_UNREACHABLE_CODE = YES;
				CLANG_WARN__DUPLICATE_METHOD_MATCH = YES;
				COPY_PHASE_STRIP = NO;
				DEBUG_INFORMATION_FORMAT = dwarf;
				ENABLE_STRICT_OBJC_MSGSEND = YES;
				ENABLE_TESTABILITY = YES;
				GCC_C_LANGUAGE_STANDARD = gnu11;
				GCC_DYNAMIC_NO_PIC = NO;
				GCC_NO_COMMON_BLOCKS = YES;
				GCC_OPTIMIZATION_LEVEL = 0;
				GCC_PREPROCESSOR_DEFINITIONS = (
					"DEBUG=1",
					"$(inherited)",
				);
				GCC_WARN_64_TO_32_BIT_CONVERSION = YES;
				GCC_WARN_ABOUT_RETURN_TYPE = YES_ERROR;
				GCC_WARN_UNDECLARED_SELECTOR = YES;
				GCC_WARN_UNINITIALIZED_AUTOS = YES_AGGRESSIVE;
				GCC_WARN_UNUSED_FUNCTION = YES;
				GCC_WARN_UNUSED_VARIABLE = YES;
				IPHONEOS_DEPLOYMENT_TARGET = 13.7;
				MTL_ENABLE_DEBUG_INFO = INCLUDE_SOURCE;
				MTL_FAST_MATH = YES;
				ONLY_ACTIVE_ARCH = YES;
				SDKROOT = iphoneos;
				SWIFT_ACTIVE_COMPILATION_CONDITIONS = DEBUG;
				SWIFT_OPTIMIZATION_LEVEL = "-Onone";
			};
			name = Debug;
		};
		40EE12A326EB96A30021930C /* Release */ = {
			isa = XCBuildConfiguration;
			buildSettings = {
				ALWAYS_SEARCH_USER_PATHS = NO;
				CLANG_ANALYZER_NONNULL = YES;
				CLANG_ANALYZER_NUMBER_OBJECT_CONVERSION = YES_AGGRESSIVE;
				CLANG_CXX_LANGUAGE_STANDARD = "gnu++14";
				CLANG_CXX_LIBRARY = "libc++";
				CLANG_ENABLE_MODULES = YES;
				CLANG_ENABLE_OBJC_ARC = YES;
				CLANG_ENABLE_OBJC_WEAK = YES;
				CLANG_WARN_BLOCK_CAPTURE_AUTORELEASING = YES;
				CLANG_WARN_BOOL_CONVERSION = YES;
				CLANG_WARN_COMMA = YES;
				CLANG_WARN_CONSTANT_CONVERSION = YES;
				CLANG_WARN_DEPRECATED_OBJC_IMPLEMENTATIONS = YES;
				CLANG_WARN_DIRECT_OBJC_ISA_USAGE = YES_ERROR;
				CLANG_WARN_DOCUMENTATION_COMMENTS = YES;
				CLANG_WARN_EMPTY_BODY = YES;
				CLANG_WARN_ENUM_CONVERSION = YES;
				CLANG_WARN_INFINITE_RECURSION = YES;
				CLANG_WARN_INT_CONVERSION = YES;
				CLANG_WARN_NON_LITERAL_NULL_CONVERSION = YES;
				CLANG_WARN_OBJC_IMPLICIT_RETAIN_SELF = YES;
				CLANG_WARN_OBJC_LITERAL_CONVERSION = YES;
				CLANG_WARN_OBJC_ROOT_CLASS = YES_ERROR;
				CLANG_WARN_RANGE_LOOP_ANALYSIS = YES;
				CLANG_WARN_STRICT_PROTOTYPES = YES;
				CLANG_WARN_SUSPICIOUS_MOVE = YES;
				CLANG_WARN_UNGUARDED_AVAILABILITY = YES_AGGRESSIVE;
				CLANG_WARN_UNREACHABLE_CODE = YES;
				CLANG_WARN__DUPLICATE_METHOD_MATCH = YES;
				COPY_PHASE_STRIP = NO;
				DEBUG_INFORMATION_FORMAT = "dwarf-with-dsym";
				ENABLE_NS_ASSERTIONS = NO;
				ENABLE_STRICT_OBJC_MSGSEND = YES;
				GCC_C_LANGUAGE_STANDARD = gnu11;
				GCC_NO_COMMON_BLOCKS = YES;
				GCC_WARN_64_TO_32_BIT_CONVERSION = YES;
				GCC_WARN_ABOUT_RETURN_TYPE = YES_ERROR;
				GCC_WARN_UNDECLARED_SELECTOR = YES;
				GCC_WARN_UNINITIALIZED_AUTOS = YES_AGGRESSIVE;
				GCC_WARN_UNUSED_FUNCTION = YES;
				GCC_WARN_UNUSED_VARIABLE = YES;
				IPHONEOS_DEPLOYMENT_TARGET = 13.7;
				MTL_ENABLE_DEBUG_INFO = NO;
				MTL_FAST_MATH = YES;
				SDKROOT = iphoneos;
				SWIFT_COMPILATION_MODE = wholemodule;
				SWIFT_OPTIMIZATION_LEVEL = "-O";
				VALIDATE_PRODUCT = YES;
			};
			name = Release;
		};
		40EE12A526EB96A30021930C /* Debug */ = {
			isa = XCBuildConfiguration;
			baseConfigurationReference = C2CA78FB7E0B952DACB5D971 /* Pods-BG_News.debug.xcconfig */;
			buildSettings = {
				ASSETCATALOG_COMPILER_APPICON_NAME = AppIcon;
				CODE_SIGN_STYLE = Automatic;
				DEVELOPMENT_ASSET_PATHS = "\"BG_News/Preview Content\"";
				DEVELOPMENT_TEAM = P5RKT2K7BV;
				ENABLE_PREVIEWS = YES;
				INFOPLIST_FILE = BG_News/Info.plist;
				LD_RUNPATH_SEARCH_PATHS = (
					"$(inherited)",
					"@executable_path/Frameworks",
				);
				PRODUCT_BUNDLE_IDENTIFIER = "bhavesh.com.BG-News";
				PRODUCT_NAME = "$(TARGET_NAME)";
				SWIFT_VERSION = 5.0;
				TARGETED_DEVICE_FAMILY = "1,2";
			};
			name = Debug;
		};
		40EE12A626EB96A30021930C /* Release */ = {
			isa = XCBuildConfiguration;
			baseConfigurationReference = 086A688564A025439C561022 /* Pods-BG_News.release.xcconfig */;
			buildSettings = {
				ASSETCATALOG_COMPILER_APPICON_NAME = AppIcon;
				CODE_SIGN_STYLE = Automatic;
				DEVELOPMENT_ASSET_PATHS = "\"BG_News/Preview Content\"";
				DEVELOPMENT_TEAM = P5RKT2K7BV;
				ENABLE_PREVIEWS = YES;
				INFOPLIST_FILE = BG_News/Info.plist;
				LD_RUNPATH_SEARCH_PATHS = (
					"$(inherited)",
					"@executable_path/Frameworks",
				);
				PRODUCT_BUNDLE_IDENTIFIER = "bhavesh.com.BG-News";
				PRODUCT_NAME = "$(TARGET_NAME)";
				SWIFT_VERSION = 5.0;
				TARGETED_DEVICE_FAMILY = "1,2";
			};
			name = Release;
		};
/* End XCBuildConfiguration section */

/* Begin XCConfigurationList section */
		40EE128B26EB969C0021930C /* Build configuration list for PBXProject "BG_News" */ = {
			isa = XCConfigurationList;
			buildConfigurations = (
				40EE12A226EB96A30021930C /* Debug */,
				40EE12A326EB96A30021930C /* Release */,
			);
			defaultConfigurationIsVisible = 0;
			defaultConfigurationName = Release;
		};
		40EE12A426EB96A30021930C /* Build configuration list for PBXNativeTarget "BG_News" */ = {
			isa = XCConfigurationList;
			buildConfigurations = (
				40EE12A526EB96A30021930C /* Debug */,
				40EE12A626EB96A30021930C /* Release */,
			);
			defaultConfigurationIsVisible = 0;
			defaultConfigurationName = Release;
		};
/* End XCConfigurationList section */
	};
	rootObject = 40EE128826EB969C0021930C /* Project object */;
}
